
Microsoft Visual Studio Solution File, Format Version 12.00
# Visual Studio 15
VisualStudioVersion = 15.0.28307.329
MinimumVisualStudioVersion = 10.0.40219.1
Project("{FAE04EC0-301F-11D3-BF4B-00C04F79EFBC}") = "Nifti.NET", "Nifti.NET\Nifti.NET.csproj", "{FEC79AE7-F7D0-4EE4-8CBD-7632B78C9452}"
EndProject
Project("{FAE04EC0-301F-11D3-BF4B-00C04F79EFBC}") = "Nifti.NET.Tests", "Nifti.NET.Tests\Nifti.NET.Tests.csproj", "{D00EE3F2-D822-4AE1-B5AE-C1D75B543DA8}"
EndProject
Global
	GlobalSection(SolutionConfigurationPlatforms) = preSolution
		Debug|Any CPU = Debug|Any CPU
		Release|Any CPU = Release|Any CPU
	EndGlobalSection
	GlobalSection(ProjectConfigurationPlatforms) = postSolution
		{FEC79AE7-F7D0-4EE4-8CBD-7632B78C9452}.Debug|Any CPU.ActiveCfg = Debug|Any CPU
		{FEC79AE7-F7D0-4EE4-8CBD-7632B78C9452}.Debug|Any CPU.Build.0 = Debug|Any CPU
		{FEC79AE7-F7D0-4EE4-8CBD-7632B78C9452}.Release|Any CPU.ActiveCfg = Release|Any CPU
		{FEC79AE7-F7D0-4EE4-8CBD-7632B78C9452}.Release|Any CPU.Build.0 = Release|Any CPU
		{D00EE3F2-D822-4AE1-B5AE-C1D75B543DA8}.Debug|Any CPU.ActiveCfg = Debug|Any CPU
		{D00EE3F2-D822-4AE1-B5AE-C1D75B543DA8}.Debug|Any CPU.Build.0 = Debug|Any CPU
		{D00EE3F2-D822-4AE1-B5AE-C1D75B543DA8}.Release|Any CPU.ActiveCfg = Release|Any CPU
		{D00EE3F2-D822-4AE1-B5AE-C1D75B543DA8}.Release|Any CPU.Build.0 = Release|Any CPU
	EndGlobalSection
	GlobalSection(SolutionProperties) = preSolution
		HideSolutionNode = FALSE
	EndGlobalSection
	GlobalSection(ExtensibilityGlobals) = postSolution
		SolutionGuid = {8636C0DE-96BD-42B6-9E69-D94C037D0E70}
	EndGlobalSection
EndGlobal
